// !$*UTF8*$!
{
	archiveVersion = 1;
	classes = {
	};
	objectVersion = 54;
	objects = {

/* Begin PBXBuildFile section */
		00E356F31AD99517003FC87E /* PerfectReactNativeAppTests.m in Sources */ = {isa = PBXBuildFile; fileRef = 00E356F21AD99517003FC87E /* PerfectReactNativeAppTests.m */; };
		0C80B921A6F3F58F76C31292 /* libPods-PerfectReactNativeApp.a in Frameworks */ = {isa = PBXBuildFile; fileRef = 5DCACB8F33CDC322A6C60F78 /* libPods-PerfectReactNativeApp.a */; };
		13B07FBC1A68108700A75B9A /* AppDelegate.mm in Sources */ = {isa = PBXBuildFile; fileRef = 13B07FB01A68108700A75B9A /* AppDelegate.mm */; };
		13B07FBF1A68108700A75B9A /* Images.xcassets in Resources */ = {isa = PBXBuildFile; fileRef = 13B07FB51A68108700A75B9A /* Images.xcassets */; };
		13B07FC11A68108700A75B9A /* main.m in Sources */ = {isa = PBXBuildFile; fileRef = 13B07FB71A68108700A75B9A /* main.m */; };
		7699B88040F8A987B510C191 /* libPods-PerfectReactNativeApp-PerfectReactNativeAppTests.a in Frameworks */ = {isa = PBXBuildFile; fileRef = 19F6CBCC0A4E27FBF8BF4A61 /* libPods-PerfectReactNativeApp-PerfectReactNativeAppTests.a */; };
		81AB9BB82411601600AC10FF /* LaunchScreen.storyboard in Resources */ = {isa = PBXBuildFile; fileRef = 81AB9BB72411601600AC10FF /* LaunchScreen.storyboard */; };
		311BE31FB29D44AB8981F612 /* app_icons.ttf in Resources */ = {isa = PBXBuildFile; fileRef = 9F2B71D890C6481DADE93A7E /* app_icons.ttf */; };
		39736A890D3D4D7EB7561074 /* Poppins-Black.ttf in Resources */ = {isa = PBXBuildFile; fileRef = CC8869821A0D46B39B11B807 /* Poppins-Black.ttf */; };
		3F27AFE078214C1E818C70DE /* Poppins-Bold.ttf in Resources */ = {isa = PBXBuildFile; fileRef = 7670E57951654907BA4A57D8 /* Poppins-Bold.ttf */; };
		AE979F2F70EC462FA5E90E23 /* Poppins-ExtraBold.ttf in Resources */ = {isa = PBXBuildFile; fileRef = D5EB1E0842494C41B31304A3 /* Poppins-ExtraBold.ttf */; };
		1B97DBA0EABF4C6584E0EE35 /* Poppins-ExtraLight.ttf in Resources */ = {isa = PBXBuildFile; fileRef = 039FFE2EC1DF4EF0A87F6273 /* Poppins-ExtraLight.ttf */; };
		0A509FF59FC0409D8C50C198 /* Poppins-Light.ttf in Resources */ = {isa = PBXBuildFile; fileRef = 6D026928CDDB46D79A564646 /* Poppins-Light.ttf */; };
		7D0BAC3C0E8F4C1D906FE535 /* Poppins-Medium.ttf in Resources */ = {isa = PBXBuildFile; fileRef = 2DA93FF42D5C48478E59FF04 /* Poppins-Medium.ttf */; };
		E82A768DFFD047B7ABF9DF9E /* Poppins-Regular.ttf in Resources */ = {isa = PBXBuildFile; fileRef = A2C26E22C5074A2DA79C0F6F /* Poppins-Regular.ttf */; };
		EEA4C8B3DC0A436288BA85EE /* Poppins-SemiBold.ttf in Resources */ = {isa = PBXBuildFile; fileRef = 042B9841F4084E15A9B27DF4 /* Poppins-SemiBold.ttf */; };
		76F0237C924C466EA8CA734C /* Poppins-Thin.ttf in Resources */ = {isa = PBXBuildFile; fileRef = DAE167B034AB46AD8C565A8E /* Poppins-Thin.ttf */; };
		F01AE38178194D18AFBA9305 /* amazonpay.png in Resources */ = {isa = PBXBuildFile; fileRef = AC98ADA2A72745A998BC8F3D /* amazonpay.png */; };
		D32ABD18C33D4DF8882062BE /* applepay.png in Resources */ = {isa = PBXBuildFile; fileRef = AB2F9D3C2D0840B49015BC93 /* applepay.png */; };
		544F4B759664457084267E82 /* avatar.png in Resources */ = {isa = PBXBuildFile; fileRef = 59C898CD315A4FBFA6C44D20 /* avatar.png */; };
		F470BE1704684F6484D43575 /* gpay.png in Resources */ = {isa = PBXBuildFile; fileRef = 19CC636529754338ABA0F561 /* gpay.png */; };
		4CFC8B37F01242A7BB69A598 /* americano_pic_1_portrait.png in Resources */ = {isa = PBXBuildFile; fileRef = 895F8B04D1EE4AB5BC071E3D /* americano_pic_1_portrait.png */; };
		ED814ED2167D4254A8955979 /* americano_pic_2_portrait.png in Resources */ = {isa = PBXBuildFile; fileRef = A73E3436D7B14A749D99AF16 /* americano_pic_2_portrait.png */; };
		15BB7C614BFC42998DB02E94 /* americano_pic_3_portrait.png in Resources */ = {isa = PBXBuildFile; fileRef = 36DCFC8896BB494EA631311A /* americano_pic_3_portrait.png */; };
		9559DFCD43E342A9A4AF4209 /* americano_pic_1_square.png in Resources */ = {isa = PBXBuildFile; fileRef = 9C472ADD66E542ECA4AB1B20 /* americano_pic_1_square.png */; };
		FC3B439615394A47A388D596 /* americano_pic_2_square.png in Resources */ = {isa = PBXBuildFile; fileRef = AF917DEB84B246D992C352D2 /* americano_pic_2_square.png */; };
		0F9C078774AB48DFB8BD1E41 /* americano_pic_3_square.png in Resources */ = {isa = PBXBuildFile; fileRef = FBE31AF56BC446A283FFD59E /* americano_pic_3_square.png */; };
		E3273FCF3CA8482F963B8400 /* arabica_coffee_beans_portrait.png in Resources */ = {isa = PBXBuildFile; fileRef = 4683C0935BDB41B8BAB51F72 /* arabica_coffee_beans_portrait.png */; };
		9EDDE7C91CD2475085BA8BF0 /* arabica_coffee_beans_square.png in Resources */ = {isa = PBXBuildFile; fileRef = 8C43F811F2CE4660A95681CA /* arabica_coffee_beans_square.png */; };
		6E32EB7840C14B568E24F8E7 /* black_coffee_pic_1_portrait.png in Resources */ = {isa = PBXBuildFile; fileRef = 9D24A0683F3C4AC5920AC500 /* black_coffee_pic_1_portrait.png */; };
		64D48B211BBC439EB2A37020 /* black_coffee_pic_2_portrait.png in Resources */ = {isa = PBXBuildFile; fileRef = B0125D9A79EC405E86723FBC /* black_coffee_pic_2_portrait.png */; };
		C1B5BF7382B84F6FA1315BCA /* black_coffee_pic_3_portrait.png in Resources */ = {isa = PBXBuildFile; fileRef = B65E9BB565624DD7913A35BB /* black_coffee_pic_3_portrait.png */; };
		B5C50875E901494B9BFE31CF /* black_coffee_pic_1_square.png in Resources */ = {isa = PBXBuildFile; fileRef = BC7976473146473DA01F9280 /* black_coffee_pic_1_square.png */; };
		713EF7540742446D928DAA4A /* black_coffee_pic_2_square.png in Resources */ = {isa = PBXBuildFile; fileRef = C7899CA96AF848D1BECF58D0 /* black_coffee_pic_2_square.png */; };
		61C52BD957974B0D9BF36C3A /* black_coffee_pic_3_square.png in Resources */ = {isa = PBXBuildFile; fileRef = 7F436B3D99D342E8BA9C8C49 /* black_coffee_pic_3_square.png */; };
		4107EC1D4F034998B562216B /* cappuccino_pic_1_portrait.png in Resources */ = {isa = PBXBuildFile; fileRef = 226820D76C594F37BB7361A4 /* cappuccino_pic_1_portrait.png */; };
		FF9B259F9A5C4CFA95B44B7E /* cappuccino_pic_2_portrait.png in Resources */ = {isa = PBXBuildFile; fileRef = CD05524AB33640A797FF374F /* cappuccino_pic_2_portrait.png */; };
		C7DADFF8A264400DA95569FE /* cappuccino_pic_3_portrait.png in Resources */ = {isa = PBXBuildFile; fileRef = CF924D12F4784C63879EA7B4 /* cappuccino_pic_3_portrait.png */; };
		946C9AC2BE724027956E9074 /* cappuccino_pic_1_square.png in Resources */ = {isa = PBXBuildFile; fileRef = 171D3A8969664DE58010B729 /* cappuccino_pic_1_square.png */; };
		E47A3BDE5FB546638295086B /* cappuccino_pic_2_square.png in Resources */ = {isa = PBXBuildFile; fileRef = 6903294D4139439D8FB6B46C /* cappuccino_pic_2_square.png */; };
		F709817128AF4D1CB51AD371 /* cappuccino_pic_3_square.png in Resources */ = {isa = PBXBuildFile; fileRef = E142594761894EAE88A5462D /* cappuccino_pic_3_square.png */; };
		329D017EE7824D8A8C5E3FC3 /* espresso_pic_1_portrait.png in Resources */ = {isa = PBXBuildFile; fileRef = 523E442762E7477CB6688762 /* espresso_pic_1_portrait.png */; };
		4F1E9FA03DF04890B386F892 /* espresso_pic_2_portrait.png in Resources */ = {isa = PBXBuildFile; fileRef = D816059BE501476BB0A2C98F /* espresso_pic_2_portrait.png */; };
		2A44222B90D74424BF948802 /* espresso_pic_3_portrait.png in Resources */ = {isa = PBXBuildFile; fileRef = 829FE02B89164334A7497CB7 /* espresso_pic_3_portrait.png */; };
		8D121FD848754A9FAE1D1739 /* espresso_pic_1_square.png in Resources */ = {isa = PBXBuildFile; fileRef = 91A2518A0F07450E8C35528D /* espresso_pic_1_square.png */; };
		650A6B47A8EC4EB482DFF253 /* espresso_pic_2_square.png in Resources */ = {isa = PBXBuildFile; fileRef = 12CC707AF1FF4F59846E5C43 /* espresso_pic_2_square.png */; };
		66667D90A4684B78A1BA2D26 /* espresso_pic_3_square.png in Resources */ = {isa = PBXBuildFile; fileRef = 0C64F34FDF8644B596183D7F /* espresso_pic_3_square.png */; };
		8BE1F128CC8A449791CD0AD6 /* excelsa_coffee_beans_portrait.png in Resources */ = {isa = PBXBuildFile; fileRef = 168341EC527A4F098864B57E /* excelsa_coffee_beans_portrait.png */; };
		D7012818E3794B00AC56C446 /* excelsa_coffee_beans_square.png in Resources */ = {isa = PBXBuildFile; fileRef = A0CBB745EC67475E8BF40956 /* excelsa_coffee_beans_square.png */; };
		B0D8D0BD7A6D450BBB843EBF /* latte_pic_1_portrait.png in Resources */ = {isa = PBXBuildFile; fileRef = B7B28AE8440448318FA6EB07 /* latte_pic_1_portrait.png */; };
		A47475057D554D6A8F827BCF /* latte_pic_2_portrait.png in Resources */ = {isa = PBXBuildFile; fileRef = 9722132A645D404E83421952 /* latte_pic_2_portrait.png */; };
		F02A647581D54E059E1000F4 /* latte_pic_3_portrait.png in Resources */ = {isa = PBXBuildFile; fileRef = 9ADAB47130CD4F52908B9884 /* latte_pic_3_portrait.png */; };
		C6C07FEE07834E7291297B98 /* latte_pic_1_square.png in Resources */ = {isa = PBXBuildFile; fileRef = F13BD67DD3EF457699C45B8F /* latte_pic_1_square.png */; };
		38E114C871C64A55B2D7F336 /* latte_pic_2_square.png in Resources */ = {isa = PBXBuildFile; fileRef = F9A5AFB1EA0C41239927F209 /* latte_pic_2_square.png */; };
		1175E53FBD304697B2A8BD96 /* latte_pic_3_square.png in Resources */ = {isa = PBXBuildFile; fileRef = 98124D65583D406BBA6B566D /* latte_pic_3_square.png */; };
		B216F156A2DC41C080AB1A90 /* liberica_coffee_beans_portrait.png in Resources */ = {isa = PBXBuildFile; fileRef = BCEF384B083A4DC087D63BB4 /* liberica_coffee_beans_portrait.png */; };
		4317A811DD1A4EEF85005BE6 /* liberica_coffee_beans_square.png in Resources */ = {isa = PBXBuildFile; fileRef = 25A8EEC939494317967FB1DE /* liberica_coffee_beans_square.png */; };
		FEEAD211F1DD4B2FA19D6A58 /* macchiato_pic_1_portrait.png in Resources */ = {isa = PBXBuildFile; fileRef = F28194CADD94471FA4BD669D /* macchiato_pic_1_portrait.png */; };
		3F1331DB7C0A425C9AC7F44D /* macchiato_pic_2_portrait.png in Resources */ = {isa = PBXBuildFile; fileRef = 800A08A12D5348E794161D1A /* macchiato_pic_2_portrait.png */; };
		C4D1856B8B0540A187067D33 /* macchiato_pic_3_portrait.png in Resources */ = {isa = PBXBuildFile; fileRef = 1F154A99DB2144D9B4175911 /* macchiato_pic_3_portrait.png */; };
		008529C13DD548D38A6B8D69 /* macchiato_pic_1_square.png in Resources */ = {isa = PBXBuildFile; fileRef = 2164AA1BE44E4037B9CFCD67 /* macchiato_pic_1_square.png */; };
		8150AB0D9085402FB91143FD /* macchiato_pic_2_square.png in Resources */ = {isa = PBXBuildFile; fileRef = DE1A6449CEC24760919933C7 /* macchiato_pic_2_square.png */; };
		4DAA5AEF453940E2B40D048E /* macchiato_pic_3_square.png in Resources */ = {isa = PBXBuildFile; fileRef = 30123DDFECCF4216B4432041 /* macchiato_pic_3_square.png */; };
		560924291BBB4F4894C62C8B /* robusta_coffee_beans_portrait.png in Resources */ = {isa = PBXBuildFile; fileRef = 4DF8A5DD9F834FD1B87F341E /* robusta_coffee_beans_portrait.png */; };
		53F903D44CC2417D971A2545 /* robusta_coffee_beans_square.png in Resources */ = {isa = PBXBuildFile; fileRef = D55D58B071C547BC9C1CDB0B /* robusta_coffee_beans_square.png */; };
/* End PBXBuildFile section */

/* Begin PBXContainerItemProxy section */
		00E356F41AD99517003FC87E /* PBXContainerItemProxy */ = {
			isa = PBXContainerItemProxy;
			containerPortal = 83CBB9F71A601CBA00E9B192 /* Project object */;
			proxyType = 1;
			remoteGlobalIDString = 13B07F861A680F5B00A75B9A;
			remoteInfo = PerfectReactNativeApp;
		};
/* End PBXContainerItemProxy section */

/* Begin PBXFileReference section */
		00E356EE1AD99517003FC87E /* PerfectReactNativeAppTests.xctest */ = {isa = PBXFileReference; explicitFileType = wrapper.cfbundle; includeInIndex = 0; path = PerfectReactNativeAppTests.xctest; sourceTree = BUILT_PRODUCTS_DIR; };
		00E356F11AD99517003FC87E /* Info.plist */ = {isa = PBXFileReference; lastKnownFileType = text.plist.xml; path = Info.plist; sourceTree = "<group>"; };
		00E356F21AD99517003FC87E /* PerfectReactNativeAppTests.m */ = {isa = PBXFileReference; lastKnownFileType = sourcecode.c.objc; path = PerfectReactNativeAppTests.m; sourceTree = "<group>"; };
		13B07F961A680F5B00A75B9A /* PerfectReactNativeApp.app */ = {isa = PBXFileReference; explicitFileType = wrapper.application; includeInIndex = 0; path = PerfectReactNativeApp.app; sourceTree = BUILT_PRODUCTS_DIR; };
		13B07FAF1A68108700A75B9A /* AppDelegate.h */ = {isa = PBXFileReference; fileEncoding = 4; lastKnownFileType = sourcecode.c.h; name = AppDelegate.h; path = PerfectReactNativeApp/AppDelegate.h; sourceTree = "<group>"; };
		13B07FB01A68108700A75B9A /* AppDelegate.mm */ = {isa = PBXFileReference; fileEncoding = 4; lastKnownFileType = sourcecode.cpp.objcpp; name = AppDelegate.mm; path = PerfectReactNativeApp/AppDelegate.mm; sourceTree = "<group>"; };
		13B07FB51A68108700A75B9A /* Images.xcassets */ = {isa = PBXFileReference; lastKnownFileType = folder.assetcatalog; name = Images.xcassets; path = PerfectReactNativeApp/Images.xcassets; sourceTree = "<group>"; };
		13B07FB61A68108700A75B9A /* Info.plist */ = {isa = PBXFileReference; fileEncoding = 4; lastKnownFileType = text.plist.xml; name = Info.plist; path = PerfectReactNativeApp/Info.plist; sourceTree = "<group>"; };
		13B07FB71A68108700A75B9A /* main.m */ = {isa = PBXFileReference; fileEncoding = 4; lastKnownFileType = sourcecode.c.objc; name = main.m; path = PerfectReactNativeApp/main.m; sourceTree = "<group>"; };
		19F6CBCC0A4E27FBF8BF4A61 /* libPods-PerfectReactNativeApp-PerfectReactNativeAppTests.a */ = {isa = PBXFileReference; explicitFileType = archive.ar; includeInIndex = 0; path = "libPods-PerfectReactNativeApp-PerfectReactNativeAppTests.a"; sourceTree = BUILT_PRODUCTS_DIR; };
		3B4392A12AC88292D35C810B /* Pods-PerfectReactNativeApp.debug.xcconfig */ = {isa = PBXFileReference; includeInIndex = 1; lastKnownFileType = text.xcconfig; name = "Pods-PerfectReactNativeApp.debug.xcconfig"; path = "Target Support Files/Pods-PerfectReactNativeApp/Pods-PerfectReactNativeApp.debug.xcconfig"; sourceTree = "<group>"; };
		5709B34CF0A7D63546082F79 /* Pods-PerfectReactNativeApp.release.xcconfig */ = {isa = PBXFileReference; includeInIndex = 1; lastKnownFileType = text.xcconfig; name = "Pods-PerfectReactNativeApp.release.xcconfig"; path = "Target Support Files/Pods-PerfectReactNativeApp/Pods-PerfectReactNativeApp.release.xcconfig"; sourceTree = "<group>"; };
		5B7EB9410499542E8C5724F5 /* Pods-PerfectReactNativeApp-PerfectReactNativeAppTests.debug.xcconfig */ = {isa = PBXFileReference; includeInIndex = 1; lastKnownFileType = text.xcconfig; name = "Pods-PerfectReactNativeApp-PerfectReactNativeAppTests.debug.xcconfig"; path = "Target Support Files/Pods-PerfectReactNativeApp-PerfectReactNativeAppTests/Pods-PerfectReactNativeApp-PerfectReactNativeAppTests.debug.xcconfig"; sourceTree = "<group>"; };
		5DCACB8F33CDC322A6C60F78 /* libPods-PerfectReactNativeApp.a */ = {isa = PBXFileReference; explicitFileType = archive.ar; includeInIndex = 0; path = "libPods-PerfectReactNativeApp.a"; sourceTree = BUILT_PRODUCTS_DIR; };
		81AB9BB72411601600AC10FF /* LaunchScreen.storyboard */ = {isa = PBXFileReference; fileEncoding = 4; lastKnownFileType = file.storyboard; name = LaunchScreen.storyboard; path = PerfectReactNativeApp/LaunchScreen.storyboard; sourceTree = "<group>"; };
		89C6BE57DB24E9ADA2F236DE /* Pods-PerfectReactNativeApp-PerfectReactNativeAppTests.release.xcconfig */ = {isa = PBXFileReference; includeInIndex = 1; lastKnownFileType = text.xcconfig; name = "Pods-PerfectReactNativeApp-PerfectReactNativeAppTests.release.xcconfig"; path = "Target Support Files/Pods-PerfectReactNativeApp-PerfectReactNativeAppTests/Pods-PerfectReactNativeApp-PerfectReactNativeAppTests.release.xcconfig"; sourceTree = "<group>"; };
		ED297162215061F000B7C4FE /* JavaScriptCore.framework */ = {isa = PBXFileReference; lastKnownFileType = wrapper.framework; name = JavaScriptCore.framework; path = System/Library/Frameworks/JavaScriptCore.framework; sourceTree = SDKROOT; };
		9F2B71D890C6481DADE93A7E /* app_icons.ttf */ = {isa = PBXFileReference; name = "app_icons.ttf"; path = "../src/assets/fonts/app_icons.ttf"; sourceTree = "<group>"; fileEncoding = undefined; lastKnownFileType = unknown; explicitFileType = undefined; includeInIndex = 0; };
		CC8869821A0D46B39B11B807 /* Poppins-Black.ttf */ = {isa = PBXFileReference; name = "Poppins-Black.ttf"; path = "../src/assets/fonts/Poppins-Black.ttf"; sourceTree = "<group>"; fileEncoding = undefined; lastKnownFileType = unknown; explicitFileType = undefined; includeInIndex = 0; };
		7670E57951654907BA4A57D8 /* Poppins-Bold.ttf */ = {isa = PBXFileReference; name = "Poppins-Bold.ttf"; path = "../src/assets/fonts/Poppins-Bold.ttf"; sourceTree = "<group>"; fileEncoding = undefined; lastKnownFileType = unknown; explicitFileType = undefined; includeInIndex = 0; };
		D5EB1E0842494C41B31304A3 /* Poppins-ExtraBold.ttf */ = {isa = PBXFileReference; name = "Poppins-ExtraBold.ttf"; path = "../src/assets/fonts/Poppins-ExtraBold.ttf"; sourceTree = "<group>"; fileEncoding = undefined; lastKnownFileType = unknown; explicitFileType = undefined; includeInIndex = 0; };
		039FFE2EC1DF4EF0A87F6273 /* Poppins-ExtraLight.ttf */ = {isa = PBXFileReference; name = "Poppins-ExtraLight.ttf"; path = "../src/assets/fonts/Poppins-ExtraLight.ttf"; sourceTree = "<group>"; fileEncoding = undefined; lastKnownFileType = unknown; explicitFileType = undefined; includeInIndex = 0; };
		6D026928CDDB46D79A564646 /* Poppins-Light.ttf */ = {isa = PBXFileReference; name = "Poppins-Light.ttf"; path = "../src/assets/fonts/Poppins-Light.ttf"; sourceTree = "<group>"; fileEncoding = undefined; lastKnownFileType = unknown; explicitFileType = undefined; includeInIndex = 0; };
		2DA93FF42D5C48478E59FF04 /* Poppins-Medium.ttf */ = {isa = PBXFileReference; name = "Poppins-Medium.ttf"; path = "../src/assets/fonts/Poppins-Medium.ttf"; sourceTree = "<group>"; fileEncoding = undefined; lastKnownFileType = unknown; explicitFileType = undefined; includeInIndex = 0; };
		A2C26E22C5074A2DA79C0F6F /* Poppins-Regular.ttf */ = {isa = PBXFileReference; name = "Poppins-Regular.ttf"; path = "../src/assets/fonts/Poppins-Regular.ttf"; sourceTree = "<group>"; fileEncoding = undefined; lastKnownFileType = unknown; explicitFileType = undefined; includeInIndex = 0; };
		042B9841F4084E15A9B27DF4 /* Poppins-SemiBold.ttf */ = {isa = PBXFileReference; name = "Poppins-SemiBold.ttf"; path = "../src/assets/fonts/Poppins-SemiBold.ttf"; sourceTree = "<group>"; fileEncoding = undefined; lastKnownFileType = unknown; explicitFileType = undefined; includeInIndex = 0; };
		DAE167B034AB46AD8C565A8E /* Poppins-Thin.ttf */ = {isa = PBXFileReference; name = "Poppins-Thin.ttf"; path = "../src/assets/fonts/Poppins-Thin.ttf"; sourceTree = "<group>"; fileEncoding = undefined; lastKnownFileType = unknown; explicitFileType = undefined; includeInIndex = 0; };
		AC98ADA2A72745A998BC8F3D /* amazonpay.png */ = {isa = PBXFileReference; name = "amazonpay.png"; path = "../src/assets/app_images/amazonpay.png"; sourceTree = "<group>"; fileEncoding = undefined; lastKnownFileType = unknown; explicitFileType = undefined; includeInIndex = 0; };
		AB2F9D3C2D0840B49015BC93 /* applepay.png */ = {isa = PBXFileReference; name = "applepay.png"; path = "../src/assets/app_images/applepay.png"; sourceTree = "<group>"; fileEncoding = undefined; lastKnownFileType = unknown; explicitFileType = undefined; includeInIndex = 0; };
		59C898CD315A4FBFA6C44D20 /* avatar.png */ = {isa = PBXFileReference; name = "avatar.png"; path = "../src/assets/app_images/avatar.png"; sourceTree = "<group>"; fileEncoding = undefined; lastKnownFileType = unknown; explicitFileType = undefined; includeInIndex = 0; };
		19CC636529754338ABA0F561 /* gpay.png */ = {isa = PBXFileReference; name = "gpay.png"; path = "../src/assets/app_images/gpay.png"; sourceTree = "<group>"; fileEncoding = undefined; lastKnownFileType = unknown; explicitFileType = undefined; includeInIndex = 0; };
		895F8B04D1EE4AB5BC071E3D /* americano_pic_1_portrait.png */ = {isa = PBXFileReference; name = "americano_pic_1_portrait.png"; path = "../src/assets/coffee_assets/americano/portrait/americano_pic_1_portrait.png"; sourceTree = "<group>"; fileEncoding = undefined; lastKnownFileType = unknown; explicitFileType = undefined; includeInIndex = 0; };
		A73E3436D7B14A749D99AF16 /* americano_pic_2_portrait.png */ = {isa = PBXFileReference; name = "americano_pic_2_portrait.png"; path = "../src/assets/coffee_assets/americano/portrait/americano_pic_2_portrait.png"; sourceTree = "<group>"; fileEncoding = undefined; lastKnownFileType = unknown; explicitFileType = undefined; includeInIndex = 0; };
		36DCFC8896BB494EA631311A /* americano_pic_3_portrait.png */ = {isa = PBXFileReference; name = "americano_pic_3_portrait.png"; path = "../src/assets/coffee_assets/americano/portrait/americano_pic_3_portrait.png"; sourceTree = "<group>"; fileEncoding = undefined; lastKnownFileType = unknown; explicitFileType = undefined; includeInIndex = 0; };
		9C472ADD66E542ECA4AB1B20 /* americano_pic_1_square.png */ = {isa = PBXFileReference; name = "americano_pic_1_square.png"; path = "../src/assets/coffee_assets/americano/square/americano_pic_1_square.png"; sourceTree = "<group>"; fileEncoding = undefined; lastKnownFileType = unknown; explicitFileType = undefined; includeInIndex = 0; };
		AF917DEB84B246D992C352D2 /* americano_pic_2_square.png */ = {isa = PBXFileReference; name = "americano_pic_2_square.png"; path = "../src/assets/coffee_assets/americano/square/americano_pic_2_square.png"; sourceTree = "<group>"; fileEncoding = undefined; lastKnownFileType = unknown; explicitFileType = undefined; includeInIndex = 0; };
		FBE31AF56BC446A283FFD59E /* americano_pic_3_square.png */ = {isa = PBXFileReference; name = "americano_pic_3_square.png"; path = "../src/assets/coffee_assets/americano/square/americano_pic_3_square.png"; sourceTree = "<group>"; fileEncoding = undefined; lastKnownFileType = unknown; explicitFileType = undefined; includeInIndex = 0; };
		4683C0935BDB41B8BAB51F72 /* arabica_coffee_beans_portrait.png */ = {isa = PBXFileReference; name = "arabica_coffee_beans_portrait.png"; path = "../src/assets/coffee_assets/arabica_coffee_beans/arabica_coffee_beans_portrait.png"; sourceTree = "<group>"; fileEncoding = undefined; lastKnownFileType = unknown; explicitFileType = undefined; includeInIndex = 0; };
		8C43F811F2CE4660A95681CA /* arabica_coffee_beans_square.png */ = {isa = PBXFileReference; name = "arabica_coffee_beans_square.png"; path = "../src/assets/coffee_assets/arabica_coffee_beans/arabica_coffee_beans_square.png"; sourceTree = "<group>"; fileEncoding = undefined; lastKnownFileType = unknown; explicitFileType = undefined; includeInIndex = 0; };
		9D24A0683F3C4AC5920AC500 /* black_coffee_pic_1_portrait.png */ = {isa = PBXFileReference; name = "black_coffee_pic_1_portrait.png"; path = "../src/assets/coffee_assets/black_coffee/portrait/black_coffee_pic_1_portrait.png"; sourceTree = "<group>"; fileEncoding = undefined; lastKnownFileType = unknown; explicitFileType = undefined; includeInIndex = 0; };
		B0125D9A79EC405E86723FBC /* black_coffee_pic_2_portrait.png */ = {isa = PBXFileReference; name = "black_coffee_pic_2_portrait.png"; path = "../src/assets/coffee_assets/black_coffee/portrait/black_coffee_pic_2_portrait.png"; sourceTree = "<group>"; fileEncoding = undefined; lastKnownFileType = unknown; explicitFileType = undefined; includeInIndex = 0; };
		B65E9BB565624DD7913A35BB /* black_coffee_pic_3_portrait.png */ = {isa = PBXFileReference; name = "black_coffee_pic_3_portrait.png"; path = "../src/assets/coffee_assets/black_coffee/portrait/black_coffee_pic_3_portrait.png"; sourceTree = "<group>"; fileEncoding = undefined; lastKnownFileType = unknown; explicitFileType = undefined; includeInIndex = 0; };
		BC7976473146473DA01F9280 /* black_coffee_pic_1_square.png */ = {isa = PBXFileReference; name = "black_coffee_pic_1_square.png"; path = "../src/assets/coffee_assets/black_coffee/square/black_coffee_pic_1_square.png"; sourceTree = "<group>"; fileEncoding = undefined; lastKnownFileType = unknown; explicitFileType = undefined; includeInIndex = 0; };
		C7899CA96AF848D1BECF58D0 /* black_coffee_pic_2_square.png */ = {isa = PBXFileReference; name = "black_coffee_pic_2_square.png"; path = "../src/assets/coffee_assets/black_coffee/square/black_coffee_pic_2_square.png"; sourceTree = "<group>"; fileEncoding = undefined; lastKnownFileType = unknown; explicitFileType = undefined; includeInIndex = 0; };
		7F436B3D99D342E8BA9C8C49 /* black_coffee_pic_3_square.png */ = {isa = PBXFileReference; name = "black_coffee_pic_3_square.png"; path = "../src/assets/coffee_assets/black_coffee/square/black_coffee_pic_3_square.png"; sourceTree = "<group>"; fileEncoding = undefined; lastKnownFileType = unknown; explicitFileType = undefined; includeInIndex = 0; };
		226820D76C594F37BB7361A4 /* cappuccino_pic_1_portrait.png */ = {isa = PBXFileReference; name = "cappuccino_pic_1_portrait.png"; path = "../src/assets/coffee_assets/cappuccino/portrait/cappuccino_pic_1_portrait.png"; sourceTree = "<group>"; fileEncoding = undefined; lastKnownFileType = unknown; explicitFileType = undefined; includeInIndex = 0; };
		CD05524AB33640A797FF374F /* cappuccino_pic_2_portrait.png */ = {isa = PBXFileReference; name = "cappuccino_pic_2_portrait.png"; path = "../src/assets/coffee_assets/cappuccino/portrait/cappuccino_pic_2_portrait.png"; sourceTree = "<group>"; fileEncoding = undefined; lastKnownFileType = unknown; explicitFileType = undefined; includeInIndex = 0; };
		CF924D12F4784C63879EA7B4 /* cappuccino_pic_3_portrait.png */ = {isa = PBXFileReference; name = "cappuccino_pic_3_portrait.png"; path = "../src/assets/coffee_assets/cappuccino/portrait/cappuccino_pic_3_portrait.png"; sourceTree = "<group>"; fileEncoding = undefined; lastKnownFileType = unknown; explicitFileType = undefined; includeInIndex = 0; };
		171D3A8969664DE58010B729 /* cappuccino_pic_1_square.png */ = {isa = PBXFileReference; name = "cappuccino_pic_1_square.png"; path = "../src/assets/coffee_assets/cappuccino/square/cappuccino_pic_1_square.png"; sourceTree = "<group>"; fileEncoding = undefined; lastKnownFileType = unknown; explicitFileType = undefined; includeInIndex = 0; };
		6903294D4139439D8FB6B46C /* cappuccino_pic_2_square.png */ = {isa = PBXFileReference; name = "cappuccino_pic_2_square.png"; path = "../src/assets/coffee_assets/cappuccino/square/cappuccino_pic_2_square.png"; sourceTree = "<group>"; fileEncoding = undefined; lastKnownFileType = unknown; explicitFileType = undefined; includeInIndex = 0; };
		E142594761894EAE88A5462D /* cappuccino_pic_3_square.png */ = {isa = PBXFileReference; name = "cappuccino_pic_3_square.png"; path = "../src/assets/coffee_assets/cappuccino/square/cappuccino_pic_3_square.png"; sourceTree = "<group>"; fileEncoding = undefined; lastKnownFileType = unknown; explicitFileType = undefined; includeInIndex = 0; };
		523E442762E7477CB6688762 /* espresso_pic_1_portrait.png */ = {isa = PBXFileReference; name = "espresso_pic_1_portrait.png"; path = "../src/assets/coffee_assets/espresso/portrait/espresso_pic_1_portrait.png"; sourceTree = "<group>"; fileEncoding = undefined; lastKnownFileType = unknown; explicitFileType = undefined; includeInIndex = 0; };
		D816059BE501476BB0A2C98F /* espresso_pic_2_portrait.png */ = {isa = PBXFileReference; name = "espresso_pic_2_portrait.png"; path = "../src/assets/coffee_assets/espresso/portrait/espresso_pic_2_portrait.png"; sourceTree = "<group>"; fileEncoding = undefined; lastKnownFileType = unknown; explicitFileType = undefined; includeInIndex = 0; };
		829FE02B89164334A7497CB7 /* espresso_pic_3_portrait.png */ = {isa = PBXFileReference; name = "espresso_pic_3_portrait.png"; path = "../src/assets/coffee_assets/espresso/portrait/espresso_pic_3_portrait.png"; sourceTree = "<group>"; fileEncoding = undefined; lastKnownFileType = unknown; explicitFileType = undefined; includeInIndex = 0; };
		91A2518A0F07450E8C35528D /* espresso_pic_1_square.png */ = {isa = PBXFileReference; name = "espresso_pic_1_square.png"; path = "../src/assets/coffee_assets/espresso/square/espresso_pic_1_square.png"; sourceTree = "<group>"; fileEncoding = undefined; lastKnownFileType = unknown; explicitFileType = undefined; includeInIndex = 0; };
		12CC707AF1FF4F59846E5C43 /* espresso_pic_2_square.png */ = {isa = PBXFileReference; name = "espresso_pic_2_square.png"; path = "../src/assets/coffee_assets/espresso/square/espresso_pic_2_square.png"; sourceTree = "<group>"; fileEncoding = undefined; lastKnownFileType = unknown; explicitFileType = undefined; includeInIndex = 0; };
		0C64F34FDF8644B596183D7F /* espresso_pic_3_square.png */ = {isa = PBXFileReference; name = "espresso_pic_3_square.png"; path = "../src/assets/coffee_assets/espresso/square/espresso_pic_3_square.png"; sourceTree = "<group>"; fileEncoding = undefined; lastKnownFileType = unknown; explicitFileType = undefined; includeInIndex = 0; };
		168341EC527A4F098864B57E /* excelsa_coffee_beans_portrait.png */ = {isa = PBXFileReference; name = "excelsa_coffee_beans_portrait.png"; path = "../src/assets/coffee_assets/excelsa_coffee_beans/excelsa_coffee_beans_portrait.png"; sourceTree = "<group>"; fileEncoding = undefined; lastKnownFileType = unknown; explicitFileType = undefined; includeInIndex = 0; };
		A0CBB745EC67475E8BF40956 /* excelsa_coffee_beans_square.png */ = {isa = PBXFileReference; name = "excelsa_coffee_beans_square.png"; path = "../src/assets/coffee_assets/excelsa_coffee_beans/excelsa_coffee_beans_square.png"; sourceTree = "<group>"; fileEncoding = undefined; lastKnownFileType = unknown; explicitFileType = undefined; includeInIndex = 0; };
		B7B28AE8440448318FA6EB07 /* latte_pic_1_portrait.png */ = {isa = PBXFileReference; name = "latte_pic_1_portrait.png"; path = "../src/assets/coffee_assets/latte/portrait/latte_pic_1_portrait.png"; sourceTree = "<group>"; fileEncoding = undefined; lastKnownFileType = unknown; explicitFileType = undefined; includeInIndex = 0; };
		9722132A645D404E83421952 /* latte_pic_2_portrait.png */ = {isa = PBXFileReference; name = "latte_pic_2_portrait.png"; path = "../src/assets/coffee_assets/latte/portrait/latte_pic_2_portrait.png"; sourceTree = "<group>"; fileEncoding = undefined; lastKnownFileType = unknown; explicitFileType = undefined; includeInIndex = 0; };
		9ADAB47130CD4F52908B9884 /* latte_pic_3_portrait.png */ = {isa = PBXFileReference; name = "latte_pic_3_portrait.png"; path = "../src/assets/coffee_assets/latte/portrait/latte_pic_3_portrait.png"; sourceTree = "<group>"; fileEncoding = undefined; lastKnownFileType = unknown; explicitFileType = undefined; includeInIndex = 0; };
		F13BD67DD3EF457699C45B8F /* latte_pic_1_square.png */ = {isa = PBXFileReference; name = "latte_pic_1_square.png"; path = "../src/assets/coffee_assets/latte/square/latte_pic_1_square.png"; sourceTree = "<group>"; fileEncoding = undefined; lastKnownFileType = unknown; explicitFileType = undefined; includeInIndex = 0; };
		F9A5AFB1EA0C41239927F209 /* latte_pic_2_square.png */ = {isa = PBXFileReference; name = "latte_pic_2_square.png"; path = "../src/assets/coffee_assets/latte/square/latte_pic_2_square.png"; sourceTree = "<group>"; fileEncoding = undefined; lastKnownFileType = unknown; explicitFileType = undefined; includeInIndex = 0; };
		98124D65583D406BBA6B566D /* latte_pic_3_square.png */ = {isa = PBXFileReference; name = "latte_pic_3_square.png"; path = "../src/assets/coffee_assets/latte/square/latte_pic_3_square.png"; sourceTree = "<group>"; fileEncoding = undefined; lastKnownFileType = unknown; explicitFileType = undefined; includeInIndex = 0; };
		BCEF384B083A4DC087D63BB4 /* liberica_coffee_beans_portrait.png */ = {isa = PBXFileReference; name = "liberica_coffee_beans_portrait.png"; path = "../src/assets/coffee_assets/liberica_coffee_beans/liberica_coffee_beans_portrait.png"; sourceTree = "<group>"; fileEncoding = undefined; lastKnownFileType = unknown; explicitFileType = undefined; includeInIndex = 0; };
		25A8EEC939494317967FB1DE /* liberica_coffee_beans_square.png */ = {isa = PBXFileReference; name = "liberica_coffee_beans_square.png"; path = "../src/assets/coffee_assets/liberica_coffee_beans/liberica_coffee_beans_square.png"; sourceTree = "<group>"; fileEncoding = undefined; lastKnownFileType = unknown; explicitFileType = undefined; includeInIndex = 0; };
		F28194CADD94471FA4BD669D /* macchiato_pic_1_portrait.png */ = {isa = PBXFileReference; name = "macchiato_pic_1_portrait.png"; path = "../src/assets/coffee_assets/macchiato/portrait/macchiato_pic_1_portrait.png"; sourceTree = "<group>"; fileEncoding = undefined; lastKnownFileType = unknown; explicitFileType = undefined; includeInIndex = 0; };
		800A08A12D5348E794161D1A /* macchiato_pic_2_portrait.png */ = {isa = PBXFileReference; name = "macchiato_pic_2_portrait.png"; path = "../src/assets/coffee_assets/macchiato/portrait/macchiato_pic_2_portrait.png"; sourceTree = "<group>"; fileEncoding = undefined; lastKnownFileType = unknown; explicitFileType = undefined; includeInIndex = 0; };
		1F154A99DB2144D9B4175911 /* macchiato_pic_3_portrait.png */ = {isa = PBXFileReference; name = "macchiato_pic_3_portrait.png"; path = "../src/assets/coffee_assets/macchiato/portrait/macchiato_pic_3_portrait.png"; sourceTree = "<group>"; fileEncoding = undefined; lastKnownFileType = unknown; explicitFileType = undefined; includeInIndex = 0; };
		2164AA1BE44E4037B9CFCD67 /* macchiato_pic_1_square.png */ = {isa = PBXFileReference; name = "macchiato_pic_1_square.png"; path = "../src/assets/coffee_assets/macchiato/square/macchiato_pic_1_square.png"; sourceTree = "<group>"; fileEncoding = undefined; lastKnownFileType = unknown; explicitFileType = undefined; includeInIndex = 0; };
		DE1A6449CEC24760919933C7 /* macchiato_pic_2_square.png */ = {isa = PBXFileReference; name = "macchiato_pic_2_square.png"; path = "../src/assets/coffee_assets/macchiato/square/macchiato_pic_2_square.png"; sourceTree = "<group>"; fileEncoding = undefined; lastKnownFileType = unknown; explicitFileType = undefined; includeInIndex = 0; };
		30123DDFECCF4216B4432041 /* macchiato_pic_3_square.png */ = {isa = PBXFileReference; name = "macchiato_pic_3_square.png"; path = "../src/assets/coffee_assets/macchiato/square/macchiato_pic_3_square.png"; sourceTree = "<group>"; fileEncoding = undefined; lastKnownFileType = unknown; explicitFileType = undefined; includeInIndex = 0; };
		4DF8A5DD9F834FD1B87F341E /* robusta_coffee_beans_portrait.png */ = {isa = PBXFileReference; name = "robusta_coffee_beans_portrait.png"; path = "../src/assets/coffee_assets/robusta_coffee_beans/robusta_coffee_beans_portrait.png"; sourceTree = "<group>"; fileEncoding = undefined; lastKnownFileType = unknown; explicitFileType = undefined; includeInIndex = 0; };
		D55D58B071C547BC9C1CDB0B /* robusta_coffee_beans_square.png */ = {isa = PBXFileReference; name = "robusta_coffee_beans_square.png"; path = "../src/assets/coffee_assets/robusta_coffee_beans/robusta_coffee_beans_square.png"; sourceTree = "<group>"; fileEncoding = undefined; lastKnownFileType = unknown; explicitFileType = undefined; includeInIndex = 0; };
/* End PBXFileReference section */

/* Begin PBXFrameworksBuildPhase section */
		00E356EB1AD99517003FC87E /* Frameworks */ = {
			isa = PBXFrameworksBuildPhase;
			buildActionMask = 2147483647;
			files = (
				7699B88040F8A987B510C191 /* libPods-PerfectReactNativeApp-PerfectReactNativeAppTests.a in Frameworks */,
			);
			runOnlyForDeploymentPostprocessing = 0;
		};
		13B07F8C1A680F5B00A75B9A /* Frameworks */ = {
			isa = PBXFrameworksBuildPhase;
			buildActionMask = 2147483647;
			files = (
				0C80B921A6F3F58F76C31292 /* libPods-PerfectReactNativeApp.a in Frameworks */,
			);
			runOnlyForDeploymentPostprocessing = 0;
		};
/* End PBXFrameworksBuildPhase section */

/* Begin PBXGroup section */
		00E356EF1AD99517003FC87E /* PerfectReactNativeAppTests */ = {
			isa = PBXGroup;
			children = (
				00E356F21AD99517003FC87E /* PerfectReactNativeAppTests.m */,
				00E356F01AD99517003FC87E /* Supporting Files */,
			);
			path = PerfectReactNativeAppTests;
			sourceTree = "<group>";
		};
		00E356F01AD99517003FC87E /* Supporting Files */ = {
			isa = PBXGroup;
			children = (
				00E356F11AD99517003FC87E /* Info.plist */,
			);
			name = "Supporting Files";
			sourceTree = "<group>";
		};
		13B07FAE1A68108700A75B9A /* PerfectReactNativeApp */ = {
			isa = PBXGroup;
			children = (
				13B07FAF1A68108700A75B9A /* AppDelegate.h */,
				13B07FB01A68108700A75B9A /* AppDelegate.mm */,
				13B07FB51A68108700A75B9A /* Images.xcassets */,
				13B07FB61A68108700A75B9A /* Info.plist */,
				81AB9BB72411601600AC10FF /* LaunchScreen.storyboard */,
				13B07FB71A68108700A75B9A /* main.m */,
			);
			name = PerfectReactNativeApp;
			sourceTree = "<group>";
		};
		2D16E6871FA4F8E400B85C8A /* Frameworks */ = {
			isa = PBXGroup;
			children = (
				ED297162215061F000B7C4FE /* JavaScriptCore.framework */,
				5DCACB8F33CDC322A6C60F78 /* libPods-PerfectReactNativeApp.a */,
				19F6CBCC0A4E27FBF8BF4A61 /* libPods-PerfectReactNativeApp-PerfectReactNativeAppTests.a */,
			);
			name = Frameworks;
			sourceTree = "<group>";
		};
		832341AE1AAA6A7D00B99B32 /* Libraries */ = {
			isa = PBXGroup;
			children = (
			);
			name = Libraries;
			sourceTree = "<group>";
		};
		83CBB9F61A601CBA00E9B192 = {
			isa = PBXGroup;
			children = (
				13B07FAE1A68108700A75B9A /* PerfectReactNativeApp */,
				832341AE1AAA6A7D00B99B32 /* Libraries */,
				00E356EF1AD99517003FC87E /* PerfectReactNativeAppTests */,
				83CBBA001A601CBA00E9B192 /* Products */,
				2D16E6871FA4F8E400B85C8A /* Frameworks */,
				BBD78D7AC51CEA395F1C20DB /* Pods */,
				592E273606DD4976A20E0725 /* Resources */,
			);
			indentWidth = 2;
			sourceTree = "<group>";
			tabWidth = 2;
			usesTabs = 0;
		};
		83CBBA001A601CBA00E9B192 /* Products */ = {
			isa = PBXGroup;
			children = (
				13B07F961A680F5B00A75B9A /* PerfectReactNativeApp.app */,
				00E356EE1AD99517003FC87E /* PerfectReactNativeAppTests.xctest */,
			);
			name = Products;
			sourceTree = "<group>";
		};
		BBD78D7AC51CEA395F1C20DB /* Pods */ = {
			isa = PBXGroup;
			children = (
				3B4392A12AC88292D35C810B /* Pods-PerfectReactNativeApp.debug.xcconfig */,
				5709B34CF0A7D63546082F79 /* Pods-PerfectReactNativeApp.release.xcconfig */,
				5B7EB9410499542E8C5724F5 /* Pods-PerfectReactNativeApp-PerfectReactNativeAppTests.debug.xcconfig */,
				89C6BE57DB24E9ADA2F236DE /* Pods-PerfectReactNativeApp-PerfectReactNativeAppTests.release.xcconfig */,
			);
			path = Pods;
			sourceTree = "<group>";
		};
		592E273606DD4976A20E0725 /* Resources */ = {
			isa = "PBXGroup";
			children = (
				9F2B71D890C6481DADE93A7E /* app_icons.ttf */,
				CC8869821A0D46B39B11B807 /* Poppins-Black.ttf */,
				7670E57951654907BA4A57D8 /* Poppins-Bold.ttf */,
				D5EB1E0842494C41B31304A3 /* Poppins-ExtraBold.ttf */,
				039FFE2EC1DF4EF0A87F6273 /* Poppins-ExtraLight.ttf */,
				6D026928CDDB46D79A564646 /* Poppins-Light.ttf */,
				2DA93FF42D5C48478E59FF04 /* Poppins-Medium.ttf */,
				A2C26E22C5074A2DA79C0F6F /* Poppins-Regular.ttf */,
				042B9841F4084E15A9B27DF4 /* Poppins-SemiBold.ttf */,
				DAE167B034AB46AD8C565A8E /* Poppins-Thin.ttf */,
				AC98ADA2A72745A998BC8F3D /* amazonpay.png */,
				AB2F9D3C2D0840B49015BC93 /* applepay.png */,
				59C898CD315A4FBFA6C44D20 /* avatar.png */,
				19CC636529754338ABA0F561 /* gpay.png */,
				895F8B04D1EE4AB5BC071E3D /* americano_pic_1_portrait.png */,
				A73E3436D7B14A749D99AF16 /* americano_pic_2_portrait.png */,
				36DCFC8896BB494EA631311A /* americano_pic_3_portrait.png */,
				9C472ADD66E542ECA4AB1B20 /* americano_pic_1_square.png */,
				AF917DEB84B246D992C352D2 /* americano_pic_2_square.png */,
				FBE31AF56BC446A283FFD59E /* americano_pic_3_square.png */,
				4683C0935BDB41B8BAB51F72 /* arabica_coffee_beans_portrait.png */,
				8C43F811F2CE4660A95681CA /* arabica_coffee_beans_square.png */,
				9D24A0683F3C4AC5920AC500 /* black_coffee_pic_1_portrait.png */,
				B0125D9A79EC405E86723FBC /* black_coffee_pic_2_portrait.png */,
				B65E9BB565624DD7913A35BB /* black_coffee_pic_3_portrait.png */,
				BC7976473146473DA01F9280 /* black_coffee_pic_1_square.png */,
				C7899CA96AF848D1BECF58D0 /* black_coffee_pic_2_square.png */,
				7F436B3D99D342E8BA9C8C49 /* black_coffee_pic_3_square.png */,
				226820D76C594F37BB7361A4 /* cappuccino_pic_1_portrait.png */,
				CD05524AB33640A797FF374F /* cappuccino_pic_2_portrait.png */,
				CF924D12F4784C63879EA7B4 /* cappuccino_pic_3_portrait.png */,
				171D3A8969664DE58010B729 /* cappuccino_pic_1_square.png */,
				6903294D4139439D8FB6B46C /* cappuccino_pic_2_square.png */,
				E142594761894EAE88A5462D /* cappuccino_pic_3_square.png */,
				523E442762E7477CB6688762 /* espresso_pic_1_portrait.png */,
				D816059BE501476BB0A2C98F /* espresso_pic_2_portrait.png */,
				829FE02B89164334A7497CB7 /* espresso_pic_3_portrait.png */,
				91A2518A0F07450E8C35528D /* espresso_pic_1_square.png */,
				12CC707AF1FF4F59846E5C43 /* espresso_pic_2_square.png */,
				0C64F34FDF8644B596183D7F /* espresso_pic_3_square.png */,
				168341EC527A4F098864B57E /* excelsa_coffee_beans_portrait.png */,
				A0CBB745EC67475E8BF40956 /* excelsa_coffee_beans_square.png */,
				B7B28AE8440448318FA6EB07 /* latte_pic_1_portrait.png */,
				9722132A645D404E83421952 /* latte_pic_2_portrait.png */,
				9ADAB47130CD4F52908B9884 /* latte_pic_3_portrait.png */,
				F13BD67DD3EF457699C45B8F /* latte_pic_1_square.png */,
				F9A5AFB1EA0C41239927F209 /* latte_pic_2_square.png */,
				98124D65583D406BBA6B566D /* latte_pic_3_square.png */,
				BCEF384B083A4DC087D63BB4 /* liberica_coffee_beans_portrait.png */,
				25A8EEC939494317967FB1DE /* liberica_coffee_beans_square.png */,
				F28194CADD94471FA4BD669D /* macchiato_pic_1_portrait.png */,
				800A08A12D5348E794161D1A /* macchiato_pic_2_portrait.png */,
				1F154A99DB2144D9B4175911 /* macchiato_pic_3_portrait.png */,
				2164AA1BE44E4037B9CFCD67 /* macchiato_pic_1_square.png */,
				DE1A6449CEC24760919933C7 /* macchiato_pic_2_square.png */,
				30123DDFECCF4216B4432041 /* macchiato_pic_3_square.png */,
				4DF8A5DD9F834FD1B87F341E /* robusta_coffee_beans_portrait.png */,
				D55D58B071C547BC9C1CDB0B /* robusta_coffee_beans_square.png */,
			);
			name = Resources;
			sourceTree = "<group>";
			path = "";
		};
/* End PBXGroup section */

/* Begin PBXNativeTarget section */
		00E356ED1AD99517003FC87E /* PerfectReactNativeAppTests */ = {
			isa = PBXNativeTarget;
			buildConfigurationList = 00E357021AD99517003FC87E /* Build configuration list for PBXNativeTarget "PerfectReactNativeAppTests" */;
			buildPhases = (
				A55EABD7B0C7F3A422A6CC61 /* [CP] Check Pods Manifest.lock */,
				00E356EA1AD99517003FC87E /* Sources */,
				00E356EB1AD99517003FC87E /* Frameworks */,
				00E356EC1AD99517003FC87E /* Resources */,
				C59DA0FBD6956966B86A3779 /* [CP] Embed Pods Frameworks */,
				F6A41C54EA430FDDC6A6ED99 /* [CP] Copy Pods Resources */,
			);
			buildRules = (
			);
			dependencies = (
				00E356F51AD99517003FC87E /* PBXTargetDependency */,
			);
			name = PerfectReactNativeAppTests;
			productName = PerfectReactNativeAppTests;
			productReference = 00E356EE1AD99517003FC87E /* PerfectReactNativeAppTests.xctest */;
			productType = "com.apple.product-type.bundle.unit-test";
		};
		13B07F861A680F5B00A75B9A /* PerfectReactNativeApp */ = {
			isa = PBXNativeTarget;
			buildConfigurationList = 13B07F931A680F5B00A75B9A /* Build configuration list for PBXNativeTarget "PerfectReactNativeApp" */;
			buildPhases = (
				C38B50BA6285516D6DCD4F65 /* [CP] Check Pods Manifest.lock */,
				13B07F871A680F5B00A75B9A /* Sources */,
				13B07F8C1A680F5B00A75B9A /* Frameworks */,
				13B07F8E1A680F5B00A75B9A /* Resources */,
				00DD1BFF1BD5951E006B06BC /* Bundle React Native code and images */,
				00EEFC60759A1932668264C0 /* [CP] Embed Pods Frameworks */,
				E235C05ADACE081382539298 /* [CP] Copy Pods Resources */,
			);
			buildRules = (
			);
			dependencies = (
			);
			name = PerfectReactNativeApp;
			productName = PerfectReactNativeApp;
			productReference = 13B07F961A680F5B00A75B9A /* PerfectReactNativeApp.app */;
			productType = "com.apple.product-type.application";
		};
/* End PBXNativeTarget section */

/* Begin PBXProject section */
		83CBB9F71A601CBA00E9B192 /* Project object */ = {
			isa = PBXProject;
			attributes = {
				LastUpgradeCheck = 1210;
				TargetAttributes = {
					00E356ED1AD99517003FC87E = {
						CreatedOnToolsVersion = 6.2;
						TestTargetID = 13B07F861A680F5B00A75B9A;
					};
					13B07F861A680F5B00A75B9A = {
						LastSwiftMigration = 1120;
					};
				};
			};
			buildConfigurationList = 83CBB9FA1A601CBA00E9B192 /* Build configuration list for PBXProject "PerfectReactNativeApp" */;
			compatibilityVersion = "Xcode 12.0";
			developmentRegion = en;
			hasScannedForEncodings = 0;
			knownRegions = (
				en,
				Base,
			);
			mainGroup = 83CBB9F61A601CBA00E9B192;
			productRefGroup = 83CBBA001A601CBA00E9B192 /* Products */;
			projectDirPath = "";
			projectRoot = "";
			targets = (
				13B07F861A680F5B00A75B9A /* PerfectReactNativeApp */,
				00E356ED1AD99517003FC87E /* PerfectReactNativeAppTests */,
			);
		};
/* End PBXProject section */

/* Begin PBXResourcesBuildPhase section */
		00E356EC1AD99517003FC87E /* Resources */ = {
			isa = PBXResourcesBuildPhase;
			buildActionMask = 2147483647;
			files = (
			);
			runOnlyForDeploymentPostprocessing = 0;
		};
		13B07F8E1A680F5B00A75B9A /* Resources */ = {
			isa = PBXResourcesBuildPhase;
			buildActionMask = 2147483647;
			files = (
				81AB9BB82411601600AC10FF /* LaunchScreen.storyboard in Resources */,
				13B07FBF1A68108700A75B9A /* Images.xcassets in Resources */,
				311BE31FB29D44AB8981F612 /* app_icons.ttf in Resources */,
				39736A890D3D4D7EB7561074 /* Poppins-Black.ttf in Resources */,
				3F27AFE078214C1E818C70DE /* Poppins-Bold.ttf in Resources */,
				AE979F2F70EC462FA5E90E23 /* Poppins-ExtraBold.ttf in Resources */,
				1B97DBA0EABF4C6584E0EE35 /* Poppins-ExtraLight.ttf in Resources */,
				0A509FF59FC0409D8C50C198 /* Poppins-Light.ttf in Resources */,
				7D0BAC3C0E8F4C1D906FE535 /* Poppins-Medium.ttf in Resources */,
				E82A768DFFD047B7ABF9DF9E /* Poppins-Regular.ttf in Resources */,
				EEA4C8B3DC0A436288BA85EE /* Poppins-SemiBold.ttf in Resources */,
				76F0237C924C466EA8CA734C /* Poppins-Thin.ttf in Resources */,
				F01AE38178194D18AFBA9305 /* amazonpay.png in Resources */,
				D32ABD18C33D4DF8882062BE /* applepay.png in Resources */,
				544F4B759664457084267E82 /* avatar.png in Resources */,
				F470BE1704684F6484D43575 /* gpay.png in Resources */,
				4CFC8B37F01242A7BB69A598 /* americano_pic_1_portrait.png in Resources */,
				ED814ED2167D4254A8955979 /* americano_pic_2_portrait.png in Resources */,
				15BB7C614BFC42998DB02E94 /* americano_pic_3_portrait.png in Resources */,
				9559DFCD43E342A9A4AF4209 /* americano_pic_1_square.png in Resources */,
				FC3B439615394A47A388D596 /* americano_pic_2_square.png in Resources */,
				0F9C078774AB48DFB8BD1E41 /* americano_pic_3_square.png in Resources */,
				E3273FCF3CA8482F963B8400 /* arabica_coffee_beans_portrait.png in Resources */,
				9EDDE7C91CD2475085BA8BF0 /* arabica_coffee_beans_square.png in Resources */,
				6E32EB7840C14B568E24F8E7 /* black_coffee_pic_1_portrait.png in Resources */,
				64D48B211BBC439EB2A37020 /* black_coffee_pic_2_portrait.png in Resources */,
				C1B5BF7382B84F6FA1315BCA /* black_coffee_pic_3_portrait.png in Resources */,
				B5C50875E901494B9BFE31CF /* black_coffee_pic_1_square.png in Resources */,
				713EF7540742446D928DAA4A /* black_coffee_pic_2_square.png in Resources */,
				61C52BD957974B0D9BF36C3A /* black_coffee_pic_3_square.png in Resources */,
				4107EC1D4F034998B562216B /* cappuccino_pic_1_portrait.png in Resources */,
				FF9B259F9A5C4CFA95B44B7E /* cappuccino_pic_2_portrait.png in Resources */,
				C7DADFF8A264400DA95569FE /* cappuccino_pic_3_portrait.png in Resources */,
				946C9AC2BE724027956E9074 /* cappuccino_pic_1_square.png in Resources */,
				E47A3BDE5FB546638295086B /* cappuccino_pic_2_square.png in Resources */,
				F709817128AF4D1CB51AD371 /* cappuccino_pic_3_square.png in Resources */,
				329D017EE7824D8A8C5E3FC3 /* espresso_pic_1_portrait.png in Resources */,
				4F1E9FA03DF04890B386F892 /* espresso_pic_2_portrait.png in Resources */,
				2A44222B90D74424BF948802 /* espresso_pic_3_portrait.png in Resources */,
				8D121FD848754A9FAE1D1739 /* espresso_pic_1_square.png in Resources */,
				650A6B47A8EC4EB482DFF253 /* espresso_pic_2_square.png in Resources */,
				66667D90A4684B78A1BA2D26 /* espresso_pic_3_square.png in Resources */,
				8BE1F128CC8A449791CD0AD6 /* excelsa_coffee_beans_portrait.png in Resources */,
				D7012818E3794B00AC56C446 /* excelsa_coffee_beans_square.png in Resources */,
				B0D8D0BD7A6D450BBB843EBF /* latte_pic_1_portrait.png in Resources */,
				A47475057D554D6A8F827BCF /* latte_pic_2_portrait.png in Resources */,
				F02A647581D54E059E1000F4 /* latte_pic_3_portrait.png in Resources */,
				C6C07FEE07834E7291297B98 /* latte_pic_1_square.png in Resources */,
				38E114C871C64A55B2D7F336 /* latte_pic_2_square.png in Resources */,
				1175E53FBD304697B2A8BD96 /* latte_pic_3_square.png in Resources */,
				B216F156A2DC41C080AB1A90 /* liberica_coffee_beans_portrait.png in Resources */,
				4317A811DD1A4EEF85005BE6 /* liberica_coffee_beans_square.png in Resources */,
				FEEAD211F1DD4B2FA19D6A58 /* macchiato_pic_1_portrait.png in Resources */,
				3F1331DB7C0A425C9AC7F44D /* macchiato_pic_2_portrait.png in Resources */,
				C4D1856B8B0540A187067D33 /* macchiato_pic_3_portrait.png in Resources */,
				008529C13DD548D38A6B8D69 /* macchiato_pic_1_square.png in Resources */,
				8150AB0D9085402FB91143FD /* macchiato_pic_2_square.png in Resources */,
				4DAA5AEF453940E2B40D048E /* macchiato_pic_3_square.png in Resources */,
				560924291BBB4F4894C62C8B /* robusta_coffee_beans_portrait.png in Resources */,
				53F903D44CC2417D971A2545 /* robusta_coffee_beans_square.png in Resources */,
			);
			runOnlyForDeploymentPostprocessing = 0;
		};
/* End PBXResourcesBuildPhase section */

/* Begin PBXShellScriptBuildPhase section */
		00DD1BFF1BD5951E006B06BC /* Bundle React Native code and images */ = {
			isa = PBXShellScriptBuildPhase;
			buildActionMask = 2147483647;
			files = (
			);
			inputPaths = (
				"$(SRCROOT)/.xcode.env.local",
				"$(SRCROOT)/.xcode.env",
			);
			name = "Bundle React Native code and images";
			outputPaths = (
			);
			runOnlyForDeploymentPostprocessing = 0;
			shellPath = /bin/sh;
			shellScript = "set -e\n\nWITH_ENVIRONMENT=\"../node_modules/react-native/scripts/xcode/with-environment.sh\"\nREACT_NATIVE_XCODE=\"../node_modules/react-native/scripts/react-native-xcode.sh\"\n\n/bin/sh -c \"$WITH_ENVIRONMENT $REACT_NATIVE_XCODE\"\n";
		};
		00EEFC60759A1932668264C0 /* [CP] Embed Pods Frameworks */ = {
			isa = PBXShellScriptBuildPhase;
			buildActionMask = 2147483647;
			files = (
			);
			inputFileListPaths = (
				"${PODS_ROOT}/Target Support Files/Pods-PerfectReactNativeApp/Pods-PerfectReactNativeApp-frameworks-${CONFIGURATION}-input-files.xcfilelist",
			);
			name = "[CP] Embed Pods Frameworks";
			outputFileListPaths = (
				"${PODS_ROOT}/Target Support Files/Pods-PerfectReactNativeApp/Pods-PerfectReactNativeApp-frameworks-${CONFIGURATION}-output-files.xcfilelist",
			);
			runOnlyForDeploymentPostprocessing = 0;
			shellPath = /bin/sh;
			shellScript = "\"${PODS_ROOT}/Target Support Files/Pods-PerfectReactNativeApp/Pods-PerfectReactNativeApp-frameworks.sh\"\n";
			showEnvVarsInLog = 0;
		};
		A55EABD7B0C7F3A422A6CC61 /* [CP] Check Pods Manifest.lock */ = {
			isa = PBXShellScriptBuildPhase;
			buildActionMask = 2147483647;
			files = (
			);
			inputFileListPaths = (
			);
			inputPaths = (
				"${PODS_PODFILE_DIR_PATH}/Podfile.lock",
				"${PODS_ROOT}/Manifest.lock",
			);
			name = "[CP] Check Pods Manifest.lock";
			outputFileListPaths = (
			);
			outputPaths = (
				"$(DERIVED_FILE_DIR)/Pods-PerfectReactNativeApp-PerfectReactNativeAppTests-checkManifestLockResult.txt",
			);
			runOnlyForDeploymentPostprocessing = 0;
			shellPath = /bin/sh;
			shellScript = "diff \"${PODS_PODFILE_DIR_PATH}/Podfile.lock\" \"${PODS_ROOT}/Manifest.lock\" > /dev/null\nif [ $? != 0 ] ; then\n    # print error to STDERR\n    echo \"error: The sandbox is not in sync with the Podfile.lock. Run 'pod install' or update your CocoaPods installation.\" >&2\n    exit 1\nfi\n# This output is used by Xcode 'outputs' to avoid re-running this script phase.\necho \"SUCCESS\" > \"${SCRIPT_OUTPUT_FILE_0}\"\n";
			showEnvVarsInLog = 0;
		};
		C38B50BA6285516D6DCD4F65 /* [CP] Check Pods Manifest.lock */ = {
			isa = PBXShellScriptBuildPhase;
			buildActionMask = 2147483647;
			files = (
			);
			inputFileListPaths = (
			);
			inputPaths = (
				"${PODS_PODFILE_DIR_PATH}/Podfile.lock",
				"${PODS_ROOT}/Manifest.lock",
			);
			name = "[CP] Check Pods Manifest.lock";
			outputFileListPaths = (
			);
			outputPaths = (
				"$(DERIVED_FILE_DIR)/Pods-PerfectReactNativeApp-checkManifestLockResult.txt",
			);
			runOnlyForDeploymentPostprocessing = 0;
			shellPath = /bin/sh;
			shellScript = "diff \"${PODS_PODFILE_DIR_PATH}/Podfile.lock\" \"${PODS_ROOT}/Manifest.lock\" > /dev/null\nif [ $? != 0 ] ; then\n    # print error to STDERR\n    echo \"error: The sandbox is not in sync with the Podfile.lock. Run 'pod install' or update your CocoaPods installation.\" >&2\n    exit 1\nfi\n# This output is used by Xcode 'outputs' to avoid re-running this script phase.\necho \"SUCCESS\" > \"${SCRIPT_OUTPUT_FILE_0}\"\n";
			showEnvVarsInLog = 0;
		};
		C59DA0FBD6956966B86A3779 /* [CP] Embed Pods Frameworks */ = {
			isa = PBXShellScriptBuildPhase;
			buildActionMask = 2147483647;
			files = (
			);
			inputFileListPaths = (
				"${PODS_ROOT}/Target Support Files/Pods-PerfectReactNativeApp-PerfectReactNativeAppTests/Pods-PerfectReactNativeApp-PerfectReactNativeAppTests-frameworks-${CONFIGURATION}-input-files.xcfilelist",
			);
			name = "[CP] Embed Pods Frameworks";
			outputFileListPaths = (
				"${PODS_ROOT}/Target Support Files/Pods-PerfectReactNativeApp-PerfectReactNativeAppTests/Pods-PerfectReactNativeApp-PerfectReactNativeAppTests-frameworks-${CONFIGURATION}-output-files.xcfilelist",
			);
			runOnlyForDeploymentPostprocessing = 0;
			shellPath = /bin/sh;
			shellScript = "\"${PODS_ROOT}/Target Support Files/Pods-PerfectReactNativeApp-PerfectReactNativeAppTests/Pods-PerfectReactNativeApp-PerfectReactNativeAppTests-frameworks.sh\"\n";
			showEnvVarsInLog = 0;
		};
		E235C05ADACE081382539298 /* [CP] Copy Pods Resources */ = {
			isa = PBXShellScriptBuildPhase;
			buildActionMask = 2147483647;
			files = (
			);
			inputFileListPaths = (
				"${PODS_ROOT}/Target Support Files/Pods-PerfectReactNativeApp/Pods-PerfectReactNativeApp-resources-${CONFIGURATION}-input-files.xcfilelist",
			);
			name = "[CP] Copy Pods Resources";
			outputFileListPaths = (
				"${PODS_ROOT}/Target Support Files/Pods-PerfectReactNativeApp/Pods-PerfectReactNativeApp-resources-${CONFIGURATION}-output-files.xcfilelist",
			);
			runOnlyForDeploymentPostprocessing = 0;
			shellPath = /bin/sh;
			shellScript = "\"${PODS_ROOT}/Target Support Files/Pods-PerfectReactNativeApp/Pods-PerfectReactNativeApp-resources.sh\"\n";
			showEnvVarsInLog = 0;
		};
		F6A41C54EA430FDDC6A6ED99 /* [CP] Copy Pods Resources */ = {
			isa = PBXShellScriptBuildPhase;
			buildActionMask = 2147483647;
			files = (
			);
			inputFileListPaths = (
				"${PODS_ROOT}/Target Support Files/Pods-PerfectReactNativeApp-PerfectReactNativeAppTests/Pods-PerfectReactNativeApp-PerfectReactNativeAppTests-resources-${CONFIGURATION}-input-files.xcfilelist",
			);
			name = "[CP] Copy Pods Resources";
			outputFileListPaths = (
				"${PODS_ROOT}/Target Support Files/Pods-PerfectReactNativeApp-PerfectReactNativeAppTests/Pods-PerfectReactNativeApp-PerfectReactNativeAppTests-resources-${CONFIGURATION}-output-files.xcfilelist",
			);
			runOnlyForDeploymentPostprocessing = 0;
			shellPath = /bin/sh;
			shellScript = "\"${PODS_ROOT}/Target Support Files/Pods-PerfectReactNativeApp-PerfectReactNativeAppTests/Pods-PerfectReactNativeApp-PerfectReactNativeAppTests-resources.sh\"\n";
			showEnvVarsInLog = 0;
		};
/* End PBXShellScriptBuildPhase section */

/* Begin PBXSourcesBuildPhase section */
		00E356EA1AD99517003FC87E /* Sources */ = {
			isa = PBXSourcesBuildPhase;
			buildActionMask = 2147483647;
			files = (
				00E356F31AD99517003FC87E /* PerfectReactNativeAppTests.m in Sources */,
			);
			runOnlyForDeploymentPostprocessing = 0;
		};
		13B07F871A680F5B00A75B9A /* Sources */ = {
			isa = PBXSourcesBuildPhase;
			buildActionMask = 2147483647;
			files = (
				13B07FBC1A68108700A75B9A /* AppDelegate.mm in Sources */,
				13B07FC11A68108700A75B9A /* main.m in Sources */,
			);
			runOnlyForDeploymentPostprocessing = 0;
		};
/* End PBXSourcesBuildPhase section */

/* Begin PBXTargetDependency section */
		00E356F51AD99517003FC87E /* PBXTargetDependency */ = {
			isa = PBXTargetDependency;
			target = 13B07F861A680F5B00A75B9A /* PerfectReactNativeApp */;
			targetProxy = 00E356F41AD99517003FC87E /* PBXContainerItemProxy */;
		};
/* End PBXTargetDependency section */

/* Begin XCBuildConfiguration section */
		00E356F61AD99517003FC87E /* Debug */ = {
			isa = XCBuildConfiguration;
			baseConfigurationReference = 5B7EB9410499542E8C5724F5 /* Pods-PerfectReactNativeApp-PerfectReactNativeAppTests.debug.xcconfig */;
			buildSettings = {
				BUNDLE_LOADER = "$(TEST_HOST)";
				GCC_PREPROCESSOR_DEFINITIONS = (
					"DEBUG=1",
					"$(inherited)",
				);
				INFOPLIST_FILE = PerfectReactNativeAppTests/Info.plist;
				IPHONEOS_DEPLOYMENT_TARGET = 13.4;
				LD_RUNPATH_SEARCH_PATHS = (
					"$(inherited)",
					"@executable_path/Frameworks",
					"@loader_path/Frameworks",
				);
				OTHER_LDFLAGS = (
					"-ObjC",
					"-lc++",
					"$(inherited)",
				);
				PRODUCT_BUNDLE_IDENTIFIER = "org.reactjs.native.example.$(PRODUCT_NAME:rfc1034identifier)";
				PRODUCT_NAME = "$(TARGET_NAME)";
				TEST_HOST = "$(BUILT_PRODUCTS_DIR)/PerfectReactNativeApp.app/PerfectReactNativeApp";
			};
			name = Debug;
		};
		00E356F71AD99517003FC87E /* Release */ = {
			isa = XCBuildConfiguration;
			baseConfigurationReference = 89C6BE57DB24E9ADA2F236DE /* Pods-PerfectReactNativeApp-PerfectReactNativeAppTests.release.xcconfig */;
			buildSettings = {
				BUNDLE_LOADER = "$(TEST_HOST)";
				COPY_PHASE_STRIP = NO;
				INFOPLIST_FILE = PerfectReactNativeAppTests/Info.plist;
				IPHONEOS_DEPLOYMENT_TARGET = 13.4;
				LD_RUNPATH_SEARCH_PATHS = (
					"$(inherited)",
					"@executable_path/Frameworks",
					"@loader_path/Frameworks",
				);
				OTHER_LDFLAGS = (
					"-ObjC",
					"-lc++",
					"$(inherited)",
				);
				PRODUCT_BUNDLE_IDENTIFIER = "org.reactjs.native.example.$(PRODUCT_NAME:rfc1034identifier)";
				PRODUCT_NAME = "$(TARGET_NAME)";
				TEST_HOST = "$(BUILT_PRODUCTS_DIR)/PerfectReactNativeApp.app/PerfectReactNativeApp";
			};
			name = Release;
		};
		13B07F941A680F5B00A75B9A /* Debug */ = {
			isa = XCBuildConfiguration;
			baseConfigurationReference = 3B4392A12AC88292D35C810B /* Pods-PerfectReactNativeApp.debug.xcconfig */;
			buildSettings = {
				ASSETCATALOG_COMPILER_APPICON_NAME = AppIcon;
				CLANG_ENABLE_MODULES = YES;
				CURRENT_PROJECT_VERSION = 1;
				ENABLE_BITCODE = NO;
				INFOPLIST_FILE = PerfectReactNativeApp/Info.plist;
				LD_RUNPATH_SEARCH_PATHS = (
					"$(inherited)",
					"@executable_path/Frameworks",
				);
				MARKETING_VERSION = 1.0;
				OTHER_LDFLAGS = (
					"$(inherited)",
					"-ObjC",
					"-lc++",
				);
				PRODUCT_BUNDLE_IDENTIFIER = "org.reactjs.native.example.$(PRODUCT_NAME:rfc1034identifier)";
				PRODUCT_NAME = PerfectReactNativeApp;
				SWIFT_OPTIMIZATION_LEVEL = "-Onone";
				SWIFT_VERSION = 5.0;
				VERSIONING_SYSTEM = "apple-generic";
			};
			name = Debug;
		};
		13B07F951A680F5B00A75B9A /* Release */ = {
			isa = XCBuildConfiguration;
			baseConfigurationReference = 5709B34CF0A7D63546082F79 /* Pods-PerfectReactNativeApp.release.xcconfig */;
			buildSettings = {
				ASSETCATALOG_COMPILER_APPICON_NAME = AppIcon;
				CLANG_ENABLE_MODULES = YES;
				CURRENT_PROJECT_VERSION = 1;
				INFOPLIST_FILE = PerfectReactNativeApp/Info.plist;
				LD_RUNPATH_SEARCH_PATHS = (
					"$(inherited)",
					"@executable_path/Frameworks",
				);
				MARKETING_VERSION = 1.0;
				OTHER_LDFLAGS = (
					"$(inherited)",
					"-ObjC",
					"-lc++",
				);
				PRODUCT_BUNDLE_IDENTIFIER = "org.reactjs.native.example.$(PRODUCT_NAME:rfc1034identifier)";
				PRODUCT_NAME = PerfectReactNativeApp;
				SWIFT_VERSION = 5.0;
				VERSIONING_SYSTEM = "apple-generic";
			};
			name = Release;
		};
		83CBBA201A601CBA00E9B192 /* Debug */ = {
			isa = XCBuildConfiguration;
			buildSettings = {
				ALWAYS_SEARCH_USER_PATHS = NO;
				CLANG_ANALYZER_LOCALIZABILITY_NONLOCALIZED = YES;
				CLANG_CXX_LANGUAGE_STANDARD = "c++20";
				CLANG_CXX_LIBRARY = "libc++";
				CLANG_ENABLE_MODULES = YES;
				CLANG_ENABLE_OBJC_ARC = YES;
				CLANG_WARN_BLOCK_CAPTURE_AUTORELEASING = YES;
				CLANG_WARN_BOOL_CONVERSION = YES;
				CLANG_WARN_COMMA = YES;
				CLANG_WARN_CONSTANT_CONVERSION = YES;
				CLANG_WARN_DEPRECATED_OBJC_IMPLEMENTATIONS = YES;
				CLANG_WARN_DIRECT_OBJC_ISA_USAGE = YES_ERROR;
				CLANG_WARN_EMPTY_BODY = YES;
				CLANG_WARN_ENUM_CONVERSION = YES;
				CLANG_WARN_INFINITE_RECURSION = YES;
				CLANG_WARN_INT_CONVERSION = YES;
				CLANG_WARN_NON_LITERAL_NULL_CONVERSION = YES;
				CLANG_WARN_OBJC_IMPLICIT_RETAIN_SELF = YES;
				CLANG_WARN_OBJC_LITERAL_CONVERSION = YES;
				CLANG_WARN_OBJC_ROOT_CLASS = YES_ERROR;
				CLANG_WARN_QUOTED_INCLUDE_IN_FRAMEWORK_HEADER = YES;
				CLANG_WARN_RANGE_LOOP_ANALYSIS = YES;
				CLANG_WARN_STRICT_PROTOTYPES = YES;
				CLANG_WARN_SUSPICIOUS_MOVE = YES;
				CLANG_WARN_UNREACHABLE_CODE = YES;
				CLANG_WARN__DUPLICATE_METHOD_MATCH = YES;
				"CODE_SIGN_IDENTITY[sdk=iphoneos*]" = "iPhone Developer";
				COPY_PHASE_STRIP = NO;
				ENABLE_STRICT_OBJC_MSGSEND = YES;
				ENABLE_TESTABILITY = YES;
				"EXCLUDED_ARCHS[sdk=iphonesimulator*]" = "";
				GCC_C_LANGUAGE_STANDARD = gnu99;
				GCC_DYNAMIC_NO_PIC = NO;
				GCC_NO_COMMON_BLOCKS = YES;
				GCC_OPTIMIZATION_LEVEL = 0;
				GCC_PREPROCESSOR_DEFINITIONS = (
					"DEBUG=1",
					"$(inherited)",
				);
				GCC_SYMBOLS_PRIVATE_EXTERN = NO;
				GCC_WARN_64_TO_32_BIT_CONVERSION = YES;
				GCC_WARN_ABOUT_RETURN_TYPE = YES_ERROR;
				GCC_WARN_UNDECLARED_SELECTOR = YES;
				GCC_WARN_UNINITIALIZED_AUTOS = YES_AGGRESSIVE;
				GCC_WARN_UNUSED_FUNCTION = YES;
				GCC_WARN_UNUSED_VARIABLE = YES;
				IPHONEOS_DEPLOYMENT_TARGET = 13.4;
				LD_RUNPATH_SEARCH_PATHS = (
					/usr/lib/swift,
					"$(inherited)",
				);
				LIBRARY_SEARCH_PATHS = (
					"\"$(SDKROOT)/usr/lib/swift\"",
					"\"$(TOOLCHAIN_DIR)/usr/lib/swift/$(PLATFORM_NAME)\"",
					"\"$(inherited)\"",
				);
				MTL_ENABLE_DEBUG_INFO = YES;
				ONLY_ACTIVE_ARCH = YES;
				OTHER_CPLUSPLUSFLAGS = (
					"$(OTHER_CFLAGS)",
					"-DFOLLY_NO_CONFIG",
					"-DFOLLY_MOBILE=1",
					"-DFOLLY_USE_LIBCPP=1",
					"-DFOLLY_CFG_NO_COROUTINES=1",
				);
				SDKROOT = iphoneos;
			};
			name = Debug;
		};
		83CBBA211A601CBA00E9B192 /* Release */ = {
			isa = XCBuildConfiguration;
			buildSettings = {
				ALWAYS_SEARCH_USER_PATHS = NO;
				CLANG_ANALYZER_LOCALIZABILITY_NONLOCALIZED = YES;
				CLANG_CXX_LANGUAGE_STANDARD = "c++20";
				CLANG_CXX_LIBRARY = "libc++";
				CLANG_ENABLE_MODULES = YES;
				CLANG_ENABLE_OBJC_ARC = YES;
				CLANG_WARN_BLOCK_CAPTURE_AUTORELEASING = YES;
				CLANG_WARN_BOOL_CONVERSION = YES;
				CLANG_WARN_COMMA = YES;
				CLANG_WARN_CONSTANT_CONVERSION = YES;
				CLANG_WARN_DEPRECATED_OBJC_IMPLEMENTATIONS = YES;
				CLANG_WARN_DIRECT_OBJC_ISA_USAGE = YES_ERROR;
				CLANG_WARN_EMPTY_BODY = YES;
				CLANG_WARN_ENUM_CONVERSION = YES;
				CLANG_WARN_INFINITE_RECURSION = YES;
				CLANG_WARN_INT_CONVERSION = YES;
				CLANG_WARN_NON_LITERAL_NULL_CONVERSION = YES;
				CLANG_WARN_OBJC_IMPLICIT_RETAIN_SELF = YES;
				CLANG_WARN_OBJC_LITERAL_CONVERSION = YES;
				CLANG_WARN_OBJC_ROOT_CLASS = YES_ERROR;
				CLANG_WARN_QUOTED_INCLUDE_IN_FRAMEWORK_HEADER = YES;
				CLANG_WARN_RANGE_LOOP_ANALYSIS = YES;
				CLANG_WARN_STRICT_PROTOTYPES = YES;
				CLANG_WARN_SUSPICIOUS_MOVE = YES;
				CLANG_WARN_UNREACHABLE_CODE = YES;
				CLANG_WARN__DUPLICATE_METHOD_MATCH = YES;
				"CODE_SIGN_IDENTITY[sdk=iphoneos*]" = "iPhone Developer";
				COPY_PHASE_STRIP = YES;
				ENABLE_NS_ASSERTIONS = NO;
				ENABLE_STRICT_OBJC_MSGSEND = YES;
				"EXCLUDED_ARCHS[sdk=iphonesimulator*]" = "";
				GCC_C_LANGUAGE_STANDARD = gnu99;
				GCC_NO_COMMON_BLOCKS = YES;
				GCC_WARN_64_TO_32_BIT_CONVERSION = YES;
				GCC_WARN_ABOUT_RETURN_TYPE = YES_ERROR;
				GCC_WARN_UNDECLARED_SELECTOR = YES;
				GCC_WARN_UNINITIALIZED_AUTOS = YES_AGGRESSIVE;
				GCC_WARN_UNUSED_FUNCTION = YES;
				GCC_WARN_UNUSED_VARIABLE = YES;
				IPHONEOS_DEPLOYMENT_TARGET = 13.4;
				LD_RUNPATH_SEARCH_PATHS = (
					/usr/lib/swift,
					"$(inherited)",
				);
				LIBRARY_SEARCH_PATHS = (
					"\"$(SDKROOT)/usr/lib/swift\"",
					"\"$(TOOLCHAIN_DIR)/usr/lib/swift/$(PLATFORM_NAME)\"",
					"\"$(inherited)\"",
				);
				MTL_ENABLE_DEBUG_INFO = NO;
				OTHER_CPLUSPLUSFLAGS = (
					"$(OTHER_CFLAGS)",
					"-DFOLLY_NO_CONFIG",
					"-DFOLLY_MOBILE=1",
					"-DFOLLY_USE_LIBCPP=1",
					"-DFOLLY_CFG_NO_COROUTINES=1",
				);
				SDKROOT = iphoneos;
				VALIDATE_PRODUCT = YES;
			};
			name = Release;
		};
/* End XCBuildConfiguration section */

/* Begin XCConfigurationList section */
		00E357021AD99517003FC87E /* Build configuration list for PBXNativeTarget "PerfectReactNativeAppTests" */ = {
			isa = XCConfigurationList;
			buildConfigurations = (
				00E356F61AD99517003FC87E /* Debug */,
				00E356F71AD99517003FC87E /* Release */,
			);
			defaultConfigurationIsVisible = 0;
			defaultConfigurationName = Release;
		};
		13B07F931A680F5B00A75B9A /* Build configuration list for PBXNativeTarget "PerfectReactNativeApp" */ = {
			isa = XCConfigurationList;
			buildConfigurations = (
				13B07F941A680F5B00A75B9A /* Debug */,
				13B07F951A680F5B00A75B9A /* Release */,
			);
			defaultConfigurationIsVisible = 0;
			defaultConfigurationName = Release;
		};
		83CBB9FA1A601CBA00E9B192 /* Build configuration list for PBXProject "PerfectReactNativeApp" */ = {
			isa = XCConfigurationList;
			buildConfigurations = (
				83CBBA201A601CBA00E9B192 /* Debug */,
				83CBBA211A601CBA00E9B192 /* Release */,
			);
			defaultConfigurationIsVisible = 0;
			defaultConfigurationName = Release;
		};
/* End XCConfigurationList section */
	};
	rootObject = 83CBB9F71A601CBA00E9B192 /* Project object */;
}
